// !$*UTF8*$!
{
	archiveVersion = 1;
	classes = {
	};
	objectVersion = 56;
	objects = {

/* Begin PBXBuildFile section */
		75320B9C2AE7AED700465860 /* Login.swift in Sources */ = {isa = PBXBuildFile; fileRef = 75320B972AE7AED700465860 /* Login.swift */; };
		75320B9F2AE7AED700465860 /* GoogleLogin.swift in Sources */ = {isa = PBXBuildFile; fileRef = 75320B9A2AE7AED700465860 /* GoogleLogin.swift */; };
		75320BC02AE7B4FB00465860 /* FirebaseAnalytics in Frameworks */ = {isa = PBXBuildFile; productRef = 75320BBF2AE7B4FB00465860 /* FirebaseAnalytics */; };
		75320BC22AE7B4FB00465860 /* FirebaseAnalyticsOnDeviceConversion in Frameworks */ = {isa = PBXBuildFile; productRef = 75320BC12AE7B4FB00465860 /* FirebaseAnalyticsOnDeviceConversion */; };
		75320BC42AE7B4FB00465860 /* FirebaseAnalyticsSwift in Frameworks */ = {isa = PBXBuildFile; productRef = 75320BC32AE7B4FB00465860 /* FirebaseAnalyticsSwift */; };
		75320BC62AE7B4FB00465860 /* FirebaseAnalyticsWithoutAdIdSupport in Frameworks */ = {isa = PBXBuildFile; productRef = 75320BC52AE7B4FB00465860 /* FirebaseAnalyticsWithoutAdIdSupport */; };
		75320BC82AE7B4FB00465860 /* FirebaseAppCheck in Frameworks */ = {isa = PBXBuildFile; productRef = 75320BC72AE7B4FB00465860 /* FirebaseAppCheck */; };
		75320BCA2AE7B4FB00465860 /* FirebaseAppDistribution-Beta in Frameworks */ = {isa = PBXBuildFile; productRef = 75320BC92AE7B4FB00465860 /* FirebaseAppDistribution-Beta */; };
		75320BCC2AE7B4FB00465860 /* FirebaseAuth in Frameworks */ = {isa = PBXBuildFile; productRef = 75320BCB2AE7B4FB00465860 /* FirebaseAuth */; };
		75320BCE2AE7B4FB00465860 /* FirebaseAuthCombine-Community in Frameworks */ = {isa = PBXBuildFile; productRef = 75320BCD2AE7B4FB00465860 /* FirebaseAuthCombine-Community */; };
		75320BD02AE7B4FB00465860 /* FirebaseCrashlytics in Frameworks */ = {isa = PBXBuildFile; productRef = 75320BCF2AE7B4FB00465860 /* FirebaseCrashlytics */; };
		75320BD22AE7B4FB00465860 /* FirebaseDatabase in Frameworks */ = {isa = PBXBuildFile; productRef = 75320BD12AE7B4FB00465860 /* FirebaseDatabase */; };
		75320BD42AE7B4FB00465860 /* FirebaseDatabaseSwift in Frameworks */ = {isa = PBXBuildFile; productRef = 75320BD32AE7B4FB00465860 /* FirebaseDatabaseSwift */; };
		75320BD62AE7B4FB00465860 /* FirebaseDynamicLinks in Frameworks */ = {isa = PBXBuildFile; productRef = 75320BD52AE7B4FB00465860 /* FirebaseDynamicLinks */; };
		75320BD92AE7B52000465860 /* GoogleSignIn in Frameworks */ = {isa = PBXBuildFile; productRef = 75320BD82AE7B52000465860 /* GoogleSignIn */; };
		75320BDB2AE7B52000465860 /* GoogleSignInSwift in Frameworks */ = {isa = PBXBuildFile; productRef = 75320BDA2AE7B52000465860 /* GoogleSignInSwift */; };
		75320BDD2AE7B67D00465860 /* UserData.swift in Sources */ = {isa = PBXBuildFile; fileRef = 75320BDC2AE7B67D00465860 /* UserData.swift */; };
		756848F92AE7D6DB003A5209 /* NaverLogin.swift in Sources */ = {isa = PBXBuildFile; fileRef = 756848F82AE7D6DB003A5209 /* NaverLogin.swift */; };
		75A501732ADA8EAF0045785B /* MomoriUIApp.swift in Sources */ = {isa = PBXBuildFile; fileRef = 75A501722ADA8EAF0045785B /* MomoriUIApp.swift */; };
		75A501752ADA8EAF0045785B /* ContentView.swift in Sources */ = {isa = PBXBuildFile; fileRef = 75A501742ADA8EAF0045785B /* ContentView.swift */; };
		75A501772ADA8EB00045785B /* Assets.xcassets in Resources */ = {isa = PBXBuildFile; fileRef = 75A501762ADA8EB00045785B /* Assets.xcassets */; };
		75A5017B2ADA8EB00045785B /* Preview Assets.xcassets in Resources */ = {isa = PBXBuildFile; fileRef = 75A5017A2ADA8EB00045785B /* Preview Assets.xcassets */; };
		75A501842ADA93980045785B /* RNavi.swift in Sources */ = {isa = PBXBuildFile; fileRef = 75A501832ADA93970045785B /* RNavi.swift */; };
		75A501862ADA946B0045785B /* LNavi.swift in Sources */ = {isa = PBXBuildFile; fileRef = 75A501852ADA946B0045785B /* LNavi.swift */; };
		75A501882ADA9AB10045785B /* UserNavi.swift in Sources */ = {isa = PBXBuildFile; fileRef = 75A501872ADA9AB10045785B /* UserNavi.swift */; };
		75A501902ADA9B350045785B /* MainPage.swift in Sources */ = {isa = PBXBuildFile; fileRef = 75A5018F2ADA9B350045785B /* MainPage.swift */; };
		75A501922ADAB3DC0045785B /* Setting.swift in Sources */ = {isa = PBXBuildFile; fileRef = 75A501912ADAB3DC0045785B /* Setting.swift */; };
		75A501952ADAB4060045785B /* Profile.swift in Sources */ = {isa = PBXBuildFile; fileRef = 75A501942ADAB4060045785B /* Profile.swift */; };
		75A501992ADAB4260045785B /* Post.swift in Sources */ = {isa = PBXBuildFile; fileRef = 75A501982ADAB4260045785B /* Post.swift */; };
		75A5019C2ADAB49B0045785B /* Upload.swift in Sources */ = {isa = PBXBuildFile; fileRef = 75A5019B2ADAB49B0045785B /* Upload.swift */; };
		75A501C22ADE7CA00045785B /* Colors.swift in Sources */ = {isa = PBXBuildFile; fileRef = 75A501C12ADE7CA00045785B /* Colors.swift */; };
		75A501C42ADE82910045785B /* UserNamebar.swift in Sources */ = {isa = PBXBuildFile; fileRef = 75A501C32ADE82910045785B /* UserNamebar.swift */; };
		75A501C82ADE9C8E0045785B /* ImageUnderbar.swift in Sources */ = {isa = PBXBuildFile; fileRef = 75A501C72ADE9C8E0045785B /* ImageUnderbar.swift */; };
		75A501CA2ADEA34E0045785B /* CommentInputView.swift in Sources */ = {isa = PBXBuildFile; fileRef = 75A501C92ADEA34E0045785B /* CommentInputView.swift */; };
		75F89B532AE54F520045FCE5 /* map_pinup_custom@3x.png in Resources */ = {isa = PBXBuildFile; fileRef = 75F89B2E2AE54F510045FCE5 /* map_pinup_custom@3x.png */; };
		75F89B542AE54F520045FCE5 /* map_pin_custom.png in Resources */ = {isa = PBXBuildFile; fileRef = 75F89B2F2AE54F510045FCE5 /* map_pin_custom.png */; };
		75F89B552AE54F520045FCE5 /* shadow_balloon.png in Resources */ = {isa = PBXBuildFile; fileRef = 75F89B302AE54F510045FCE5 /* shadow_balloon.png */; };
		75F89B562AE54F520045FCE5 /* map_pinup.png in Resources */ = {isa = PBXBuildFile; fileRef = 75F89B312AE54F510045FCE5 /* map_pinup.png */; };
		75F89B572AE54F520045FCE5 /* detail_button.png in Resources */ = {isa = PBXBuildFile; fileRef = 75F89B322AE54F510045FCE5 /* detail_button.png */; };
		75F89B582AE54F520045FCE5 /* map_pin_custom@3x.png in Resources */ = {isa = PBXBuildFile; fileRef = 75F89B332AE54F510045FCE5 /* map_pin_custom@3x.png */; };
		75F89B592AE54F520045FCE5 /* map_pinup@3x.png in Resources */ = {isa = PBXBuildFile; fileRef = 75F89B342AE54F510045FCE5 /* map_pinup@3x.png */; };
		75F89B5A2AE54F520045FCE5 /* map_pin_shadow@3x.png in Resources */ = {isa = PBXBuildFile; fileRef = 75F89B352AE54F510045FCE5 /* map_pin_shadow@3x.png */; };
		75F89B5B2AE54F520045FCE5 /* copyright.png in Resources */ = {isa = PBXBuildFile; fileRef = 75F89B362AE54F510045FCE5 /* copyright.png */; };
		75F89B5C2AE54F520045FCE5 /* th_line.png in Resources */ = {isa = PBXBuildFile; fileRef = 75F89B372AE54F510045FCE5 /* th_line.png */; };
		75F89B5D2AE54F520045FCE5 /* map_pin_red@3x.png in Resources */ = {isa = PBXBuildFile; fileRef = 75F89B382AE54F510045FCE5 /* map_pin_red@3x.png */; };
		75F89B5E2AE54F520045FCE5 /* daum_copyright.png in Resources */ = {isa = PBXBuildFile; fileRef = 75F89B392AE54F510045FCE5 /* daum_copyright.png */; };
		75F89B5F2AE54F520045FCE5 /* map_pin@3x.png in Resources */ = {isa = PBXBuildFile; fileRef = 75F89B3A2AE54F520045FCE5 /* map_pin@3x.png */; };
		75F89B602AE54F520045FCE5 /* map_present_tracking.png in Resources */ = {isa = PBXBuildFile; fileRef = 75F89B3B2AE54F520045FCE5 /* map_present_tracking.png */; };
		75F89B612AE54F520045FCE5 /* map_pin_red.png in Resources */ = {isa = PBXBuildFile; fileRef = 75F89B3C2AE54F520045FCE5 /* map_pin_red.png */; };
		75F89B622AE54F520045FCE5 /* info_box.png in Resources */ = {isa = PBXBuildFile; fileRef = 75F89B462AE54F520045FCE5 /* info_box.png */; };
		75F89B632AE54F520045FCE5 /* point_sprite.png in Resources */ = {isa = PBXBuildFile; fileRef = 75F89B472AE54F520045FCE5 /* point_sprite.png */; };
		75F89B642AE54F520045FCE5 /* map_pinup_custom.png in Resources */ = {isa = PBXBuildFile; fileRef = 75F89B482AE54F520045FCE5 /* map_pinup_custom.png */; };
		75F89B652AE54F520045FCE5 /* info_box_tail.png in Resources */ = {isa = PBXBuildFile; fileRef = 75F89B492AE54F520045FCE5 /* info_box_tail.png */; };
		75F89B662AE54F520045FCE5 /* noimage256.png in Resources */ = {isa = PBXBuildFile; fileRef = 75F89B4A2AE54F520045FCE5 /* noimage256.png */; };
		75F89B672AE54F520045FCE5 /* map_present_direction.png in Resources */ = {isa = PBXBuildFile; fileRef = 75F89B4B2AE54F520045FCE5 /* map_present_direction.png */; };
		75F89B682AE54F520045FCE5 /* map_pin.png in Resources */ = {isa = PBXBuildFile; fileRef = 75F89B4C2AE54F520045FCE5 /* map_pin.png */; };
		75F89B692AE54F520045FCE5 /* map_present.png in Resources */ = {isa = PBXBuildFile; fileRef = 75F89B4D2AE54F520045FCE5 /* map_present.png */; };
		75F89B6A2AE54F520045FCE5 /* noimage.png in Resources */ = {isa = PBXBuildFile; fileRef = 75F89B4E2AE54F520045FCE5 /* noimage.png */; };
		75F89B6B2AE54F520045FCE5 /* map_present_background_update.png in Resources */ = {isa = PBXBuildFile; fileRef = 75F89B4F2AE54F520045FCE5 /* map_present_background_update.png */; };
		75F89B6C2AE54F520045FCE5 /* daum_th_line.png in Resources */ = {isa = PBXBuildFile; fileRef = 75F89B502AE54F520045FCE5 /* daum_th_line.png */; };
		75F89B6D2AE54F520045FCE5 /* map_pin_shadow.png in Resources */ = {isa = PBXBuildFile; fileRef = 75F89B512AE54F520045FCE5 /* map_pin_shadow.png */; };
		75F89B6E2AE54F520045FCE5 /* DaumMap.framework in Frameworks */ = {isa = PBXBuildFile; fileRef = 75F89B522AE54F520045FCE5 /* DaumMap.framework */; };
		75F89B712AE54F8A0045FCE5 /* OpenGLES.framework in Frameworks */ = {isa = PBXBuildFile; fileRef = 75F89B702AE54F8A0045FCE5 /* OpenGLES.framework */; };
		75F89B732AE54FA00045FCE5 /* SystemConfiguration.framework in Frameworks */ = {isa = PBXBuildFile; fileRef = 75F89B722AE54FA00045FCE5 /* SystemConfiguration.framework */; };
		75F89B752AE54FAE0045FCE5 /* QuartzCore.framework in Frameworks */ = {isa = PBXBuildFile; fileRef = 75F89B742AE54FAE0045FCE5 /* QuartzCore.framework */; };
		75F89B772AE54FCD0045FCE5 /* libc++.tbd in Frameworks */ = {isa = PBXBuildFile; fileRef = 75F89B762AE54FC40045FCE5 /* libc++.tbd */; };
		75F89B792AE54FE70045FCE5 /* CoreLocation.framework in Frameworks */ = {isa = PBXBuildFile; fileRef = 75F89B782AE54FE70045FCE5 /* CoreLocation.framework */; };
		75F89B7C2AE550200045FCE5 /* libsqlite3.tbd in Frameworks */ = {isa = PBXBuildFile; fileRef = 75F89B7B2AE5500D0045FCE5 /* libsqlite3.tbd */; };
		75F89B7D2AE5502B0045FCE5 /* libxml2.tbd in Frameworks */ = {isa = PBXBuildFile; fileRef = 75F89B7A2AE54FF90045FCE5 /* libxml2.tbd */; };
		75F89B802AE552AE0045FCE5 /* KakaoMapVCWrapper.swift in Sources */ = {isa = PBXBuildFile; fileRef = 75F89B7F2AE552AE0045FCE5 /* KakaoMapVCWrapper.swift */; };
/* End PBXBuildFile section */

/* Begin PBXFileReference section */
		75320B972AE7AED700465860 /* Login.swift */ = {isa = PBXFileReference; fileEncoding = 4; lastKnownFileType = sourcecode.swift; path = Login.swift; sourceTree = "<group>"; };
		75320B9A2AE7AED700465860 /* GoogleLogin.swift */ = {isa = PBXFileReference; fileEncoding = 4; lastKnownFileType = sourcecode.swift; path = GoogleLogin.swift; sourceTree = "<group>"; };
		75320BDC2AE7B67D00465860 /* UserData.swift */ = {isa = PBXFileReference; fileEncoding = 4; lastKnownFileType = sourcecode.swift; path = UserData.swift; sourceTree = "<group>"; };
		756848F82AE7D6DB003A5209 /* NaverLogin.swift */ = {isa = PBXFileReference; lastKnownFileType = sourcecode.swift; path = NaverLogin.swift; sourceTree = "<group>"; };
		75A5016F2ADA8EAF0045785B /* MomoriUI.app */ = {isa = PBXFileReference; explicitFileType = wrapper.application; includeInIndex = 0; path = MomoriUI.app; sourceTree = BUILT_PRODUCTS_DIR; };
		75A501722ADA8EAF0045785B /* MomoriUIApp.swift */ = {isa = PBXFileReference; lastKnownFileType = sourcecode.swift; path = MomoriUIApp.swift; sourceTree = "<group>"; };
		75A501742ADA8EAF0045785B /* ContentView.swift */ = {isa = PBXFileReference; lastKnownFileType = sourcecode.swift; path = ContentView.swift; sourceTree = "<group>"; };
		75A501762ADA8EB00045785B /* Assets.xcassets */ = {isa = PBXFileReference; lastKnownFileType = folder.assetcatalog; path = Assets.xcassets; sourceTree = "<group>"; };
		75A501782ADA8EB00045785B /* MomoriUI.entitlements */ = {isa = PBXFileReference; lastKnownFileType = text.plist.entitlements; path = MomoriUI.entitlements; sourceTree = "<group>"; };
		75A5017A2ADA8EB00045785B /* Preview Assets.xcassets */ = {isa = PBXFileReference; lastKnownFileType = folder.assetcatalog; path = "Preview Assets.xcassets"; sourceTree = "<group>"; };
		75A501832ADA93970045785B /* RNavi.swift */ = {isa = PBXFileReference; lastKnownFileType = sourcecode.swift; path = RNavi.swift; sourceTree = "<group>"; };
		75A501852ADA946B0045785B /* LNavi.swift */ = {isa = PBXFileReference; lastKnownFileType = sourcecode.swift; path = LNavi.swift; sourceTree = "<group>"; };
		75A501872ADA9AB10045785B /* UserNavi.swift */ = {isa = PBXFileReference; lastKnownFileType = sourcecode.swift; path = UserNavi.swift; sourceTree = "<group>"; };
		75A5018F2ADA9B350045785B /* MainPage.swift */ = {isa = PBXFileReference; lastKnownFileType = sourcecode.swift; path = MainPage.swift; sourceTree = "<group>"; };
		75A501912ADAB3DC0045785B /* Setting.swift */ = {isa = PBXFileReference; lastKnownFileType = sourcecode.swift; path = Setting.swift; sourceTree = "<group>"; };
		75A501942ADAB4060045785B /* Profile.swift */ = {isa = PBXFileReference; lastKnownFileType = sourcecode.swift; path = Profile.swift; sourceTree = "<group>"; };
		75A501982ADAB4260045785B /* Post.swift */ = {isa = PBXFileReference; lastKnownFileType = sourcecode.swift; path = Post.swift; sourceTree = "<group>"; };
		75A5019B2ADAB49B0045785B /* Upload.swift */ = {isa = PBXFileReference; lastKnownFileType = sourcecode.swift; path = Upload.swift; sourceTree = "<group>"; };
		75A501C12ADE7CA00045785B /* Colors.swift */ = {isa = PBXFileReference; lastKnownFileType = sourcecode.swift; path = Colors.swift; sourceTree = "<group>"; };
		75A501C32ADE82910045785B /* UserNamebar.swift */ = {isa = PBXFileReference; lastKnownFileType = sourcecode.swift; path = UserNamebar.swift; sourceTree = "<group>"; };
		75A501C72ADE9C8E0045785B /* ImageUnderbar.swift */ = {isa = PBXFileReference; lastKnownFileType = sourcecode.swift; path = ImageUnderbar.swift; sourceTree = "<group>"; };
		75A501C92ADEA34E0045785B /* CommentInputView.swift */ = {isa = PBXFileReference; lastKnownFileType = sourcecode.swift; path = CommentInputView.swift; sourceTree = "<group>"; };
		75F898F92AE23E130045FCE5 /* Info.plist */ = {isa = PBXFileReference; lastKnownFileType = text.plist; path = Info.plist; sourceTree = "<group>"; };
		75F89B2E2AE54F510045FCE5 /* map_pinup_custom@3x.png */ = {isa = PBXFileReference; lastKnownFileType = image.png; path = "map_pinup_custom@3x.png"; sourceTree = "<group>"; };
		75F89B2F2AE54F510045FCE5 /* map_pin_custom.png */ = {isa = PBXFileReference; lastKnownFileType = image.png; path = map_pin_custom.png; sourceTree = "<group>"; };
		75F89B302AE54F510045FCE5 /* shadow_balloon.png */ = {isa = PBXFileReference; lastKnownFileType = image.png; path = shadow_balloon.png; sourceTree = "<group>"; };
		75F89B312AE54F510045FCE5 /* map_pinup.png */ = {isa = PBXFileReference; lastKnownFileType = image.png; path = map_pinup.png; sourceTree = "<group>"; };
		75F89B322AE54F510045FCE5 /* detail_button.png */ = {isa = PBXFileReference; lastKnownFileType = image.png; path = detail_button.png; sourceTree = "<group>"; };
		75F89B332AE54F510045FCE5 /* map_pin_custom@3x.png */ = {isa = PBXFileReference; lastKnownFileType = image.png; path = "map_pin_custom@3x.png"; sourceTree = "<group>"; };
		75F89B342AE54F510045FCE5 /* map_pinup@3x.png */ = {isa = PBXFileReference; lastKnownFileType = image.png; path = "map_pinup@3x.png"; sourceTree = "<group>"; };
		75F89B352AE54F510045FCE5 /* map_pin_shadow@3x.png */ = {isa = PBXFileReference; lastKnownFileType = image.png; path = "map_pin_shadow@3x.png"; sourceTree = "<group>"; };
		75F89B362AE54F510045FCE5 /* copyright.png */ = {isa = PBXFileReference; lastKnownFileType = image.png; path = copyright.png; sourceTree = "<group>"; };
		75F89B372AE54F510045FCE5 /* th_line.png */ = {isa = PBXFileReference; lastKnownFileType = image.png; path = th_line.png; sourceTree = "<group>"; };
		75F89B382AE54F510045FCE5 /* map_pin_red@3x.png */ = {isa = PBXFileReference; lastKnownFileType = image.png; path = "map_pin_red@3x.png"; sourceTree = "<group>"; };
		75F89B392AE54F510045FCE5 /* daum_copyright.png */ = {isa = PBXFileReference; lastKnownFileType = image.png; path = daum_copyright.png; sourceTree = "<group>"; };
		75F89B3A2AE54F520045FCE5 /* map_pin@3x.png */ = {isa = PBXFileReference; lastKnownFileType = image.png; path = "map_pin@3x.png"; sourceTree = "<group>"; };
		75F89B3B2AE54F520045FCE5 /* map_present_tracking.png */ = {isa = PBXFileReference; lastKnownFileType = image.png; path = map_present_tracking.png; sourceTree = "<group>"; };
		75F89B3C2AE54F520045FCE5 /* map_pin_red.png */ = {isa = PBXFileReference; lastKnownFileType = image.png; path = map_pin_red.png; sourceTree = "<group>"; };
		75F89B3E2AE54F520045FCE5 /* MTMapPOIItem.h */ = {isa = PBXFileReference; fileEncoding = 4; lastKnownFileType = sourcecode.c.h; path = MTMapPOIItem.h; sourceTree = "<group>"; };
		75F89B3F2AE54F520045FCE5 /* MTMapCameraUpdate.h */ = {isa = PBXFileReference; fileEncoding = 4; lastKnownFileType = sourcecode.c.h; path = MTMapCameraUpdate.h; sourceTree = "<group>"; };
		75F89B402AE54F520045FCE5 /* MTMapReverseGeoCoder.h */ = {isa = PBXFileReference; fileEncoding = 4; lastKnownFileType = sourcecode.c.h; path = MTMapReverseGeoCoder.h; sourceTree = "<group>"; };
		75F89B412AE54F520045FCE5 /* MTMapPolyline.h */ = {isa = PBXFileReference; fileEncoding = 4; lastKnownFileType = sourcecode.c.h; path = MTMapPolyline.h; sourceTree = "<group>"; };
		75F89B422AE54F520045FCE5 /* MTMapLocationMarkerItem.h */ = {isa = PBXFileReference; fileEncoding = 4; lastKnownFileType = sourcecode.c.h; path = MTMapLocationMarkerItem.h; sourceTree = "<group>"; };
		75F89B432AE54F520045FCE5 /* MTMapView.h */ = {isa = PBXFileReference; fileEncoding = 4; lastKnownFileType = sourcecode.c.h; path = MTMapView.h; sourceTree = "<group>"; };
		75F89B442AE54F520045FCE5 /* MTMapGeometry.h */ = {isa = PBXFileReference; fileEncoding = 4; lastKnownFileType = sourcecode.c.h; path = MTMapGeometry.h; sourceTree = "<group>"; };
		75F89B452AE54F520045FCE5 /* MTMapCircle.h */ = {isa = PBXFileReference; fileEncoding = 4; lastKnownFileType = sourcecode.c.h; path = MTMapCircle.h; sourceTree = "<group>"; };
		75F89B462AE54F520045FCE5 /* info_box.png */ = {isa = PBXFileReference; lastKnownFileType = image.png; path = info_box.png; sourceTree = "<group>"; };
		75F89B472AE54F520045FCE5 /* point_sprite.png */ = {isa = PBXFileReference; lastKnownFileType = image.png; path = point_sprite.png; sourceTree = "<group>"; };
		75F89B482AE54F520045FCE5 /* map_pinup_custom.png */ = {isa = PBXFileReference; lastKnownFileType = image.png; path = map_pinup_custom.png; sourceTree = "<group>"; };
		75F89B492AE54F520045FCE5 /* info_box_tail.png */ = {isa = PBXFileReference; lastKnownFileType = image.png; path = info_box_tail.png; sourceTree = "<group>"; };
		75F89B4A2AE54F520045FCE5 /* noimage256.png */ = {isa = PBXFileReference; lastKnownFileType = image.png; path = noimage256.png; sourceTree = "<group>"; };
		75F89B4B2AE54F520045FCE5 /* map_present_direction.png */ = {isa = PBXFileReference; lastKnownFileType = image.png; path = map_present_direction.png; sourceTree = "<group>"; };
		75F89B4C2AE54F520045FCE5 /* map_pin.png */ = {isa = PBXFileReference; lastKnownFileType = image.png; path = map_pin.png; sourceTree = "<group>"; };
		75F89B4D2AE54F520045FCE5 /* map_present.png */ = {isa = PBXFileReference; lastKnownFileType = image.png; path = map_present.png; sourceTree = "<group>"; };
		75F89B4E2AE54F520045FCE5 /* noimage.png */ = {isa = PBXFileReference; lastKnownFileType = image.png; path = noimage.png; sourceTree = "<group>"; };
		75F89B4F2AE54F520045FCE5 /* map_present_background_update.png */ = {isa = PBXFileReference; lastKnownFileType = image.png; path = map_present_background_update.png; sourceTree = "<group>"; };
		75F89B502AE54F520045FCE5 /* daum_th_line.png */ = {isa = PBXFileReference; lastKnownFileType = image.png; path = daum_th_line.png; sourceTree = "<group>"; };
		75F89B512AE54F520045FCE5 /* map_pin_shadow.png */ = {isa = PBXFileReference; lastKnownFileType = image.png; path = map_pin_shadow.png; sourceTree = "<group>"; };
		75F89B522AE54F520045FCE5 /* DaumMap.framework */ = {isa = PBXFileReference; lastKnownFileType = wrapper.framework; path = DaumMap.framework; sourceTree = "<group>"; };
		75F89B702AE54F8A0045FCE5 /* OpenGLES.framework */ = {isa = PBXFileReference; lastKnownFileType = wrapper.framework; name = OpenGLES.framework; path = Platforms/iPhoneOS.platform/Developer/SDKs/iPhoneOS17.0.sdk/System/Library/Frameworks/OpenGLES.framework; sourceTree = DEVELOPER_DIR; };
		75F89B722AE54FA00045FCE5 /* SystemConfiguration.framework */ = {isa = PBXFileReference; lastKnownFileType = wrapper.framework; name = SystemConfiguration.framework; path = Platforms/iPhoneOS.platform/Developer/SDKs/iPhoneOS17.0.sdk/System/Library/Frameworks/SystemConfiguration.framework; sourceTree = DEVELOPER_DIR; };
		75F89B742AE54FAE0045FCE5 /* QuartzCore.framework */ = {isa = PBXFileReference; lastKnownFileType = wrapper.framework; name = QuartzCore.framework; path = Platforms/iPhoneOS.platform/Developer/SDKs/iPhoneOS17.0.sdk/System/Library/Frameworks/QuartzCore.framework; sourceTree = DEVELOPER_DIR; };
		75F89B762AE54FC40045FCE5 /* libc++.tbd */ = {isa = PBXFileReference; lastKnownFileType = "sourcecode.text-based-dylib-definition"; name = "libc++.tbd"; path = "Platforms/iPhoneOS.platform/Developer/SDKs/iPhoneOS17.0.sdk/usr/lib/libc++.tbd"; sourceTree = DEVELOPER_DIR; };
		75F89B782AE54FE70045FCE5 /* CoreLocation.framework */ = {isa = PBXFileReference; lastKnownFileType = wrapper.framework; name = CoreLocation.framework; path = Platforms/iPhoneOS.platform/Developer/SDKs/iPhoneOS17.0.sdk/System/Library/Frameworks/CoreLocation.framework; sourceTree = DEVELOPER_DIR; };
		75F89B7A2AE54FF90045FCE5 /* libxml2.tbd */ = {isa = PBXFileReference; lastKnownFileType = "sourcecode.text-based-dylib-definition"; name = libxml2.tbd; path = Platforms/iPhoneOS.platform/Developer/SDKs/iPhoneOS17.0.sdk/usr/lib/libxml2.tbd; sourceTree = DEVELOPER_DIR; };
		75F89B7B2AE5500D0045FCE5 /* libsqlite3.tbd */ = {isa = PBXFileReference; lastKnownFileType = "sourcecode.text-based-dylib-definition"; name = libsqlite3.tbd; path = Platforms/iPhoneOS.platform/Developer/SDKs/iPhoneOS17.0.sdk/usr/lib/libsqlite3.tbd; sourceTree = DEVELOPER_DIR; };
		75F89B7E2AE551630045FCE5 /* KakaoBridgeHeader.h */ = {isa = PBXFileReference; lastKnownFileType = sourcecode.c.h; path = KakaoBridgeHeader.h; sourceTree = "<group>"; };
		75F89B7F2AE552AE0045FCE5 /* KakaoMapVCWrapper.swift */ = {isa = PBXFileReference; lastKnownFileType = sourcecode.swift; path = KakaoMapVCWrapper.swift; sourceTree = "<group>"; };
/* End PBXFileReference section */

/* Begin PBXFrameworksBuildPhase section */
		75A5016C2ADA8EAF0045785B /* Frameworks */ = {
			isa = PBXFrameworksBuildPhase;
			buildActionMask = 2147483647;
			files = (
				75F89B792AE54FE70045FCE5 /* CoreLocation.framework in Frameworks */,
				75320BCC2AE7B4FB00465860 /* FirebaseAuth in Frameworks */,
				75320BC82AE7B4FB00465860 /* FirebaseAppCheck in Frameworks */,
				75F89B752AE54FAE0045FCE5 /* QuartzCore.framework in Frameworks */,
				75F89B7C2AE550200045FCE5 /* libsqlite3.tbd in Frameworks */,
				75320BC42AE7B4FB00465860 /* FirebaseAnalyticsSwift in Frameworks */,
				75320BD22AE7B4FB00465860 /* FirebaseDatabase in Frameworks */,
				75F89B772AE54FCD0045FCE5 /* libc++.tbd in Frameworks */,
				75F89B6E2AE54F520045FCE5 /* DaumMap.framework in Frameworks */,
				75320BCA2AE7B4FB00465860 /* FirebaseAppDistribution-Beta in Frameworks */,
				75F89B7D2AE5502B0045FCE5 /* libxml2.tbd in Frameworks */,
				75320BC62AE7B4FB00465860 /* FirebaseAnalyticsWithoutAdIdSupport in Frameworks */,
				75F89B732AE54FA00045FCE5 /* SystemConfiguration.framework in Frameworks */,
				75320BD42AE7B4FB00465860 /* FirebaseDatabaseSwift in Frameworks */,
				75320BC22AE7B4FB00465860 /* FirebaseAnalyticsOnDeviceConversion in Frameworks */,
				75320BD02AE7B4FB00465860 /* FirebaseCrashlytics in Frameworks */,
				75F89B712AE54F8A0045FCE5 /* OpenGLES.framework in Frameworks */,
				75320BC02AE7B4FB00465860 /* FirebaseAnalytics in Frameworks */,
				75320BCE2AE7B4FB00465860 /* FirebaseAuthCombine-Community in Frameworks */,
				75320BD62AE7B4FB00465860 /* FirebaseDynamicLinks in Frameworks */,
				75320BD92AE7B52000465860 /* GoogleSignIn in Frameworks */,
				75320BDB2AE7B52000465860 /* GoogleSignInSwift in Frameworks */,
			);
			runOnlyForDeploymentPostprocessing = 0;
		};
/* End PBXFrameworksBuildPhase section */

/* Begin PBXGroup section */
		75320B962AE7AED700465860 /* Login */ = {
			isa = PBXGroup;
			children = (
				75320B972AE7AED700465860 /* Login.swift */,
				75320B9A2AE7AED700465860 /* GoogleLogin.swift */,
				756848F82AE7D6DB003A5209 /* NaverLogin.swift */,
				75320BDC2AE7B67D00465860 /* UserData.swift */,
			);
			path = Login;
			sourceTree = "<group>";
		};
		75A501662ADA8EAF0045785B = {
			isa = PBXGroup;
			children = (
				75A501712ADA8EAF0045785B /* MomoriUI */,
				75A501702ADA8EAF0045785B /* Products */,
				75F89B6F2AE54F8A0045FCE5 /* Frameworks */,
			);
			sourceTree = "<group>";
		};
		75A501702ADA8EAF0045785B /* Products */ = {
			isa = PBXGroup;
			children = (
				75A5016F2ADA8EAF0045785B /* MomoriUI.app */,
			);
			name = Products;
			sourceTree = "<group>";
		};
		75A501712ADA8EAF0045785B /* MomoriUI */ = {
			isa = PBXGroup;
			children = (
				75F89B2C2AE54F510045FCE5 /* DaumMap.embeddedframework */,
				75F898F92AE23E130045FCE5 /* Info.plist */,
				75F89B7E2AE551630045FCE5 /* KakaoBridgeHeader.h */,
				75F89B7F2AE552AE0045FCE5 /* KakaoMapVCWrapper.swift */,
				75A501742ADA8EAF0045785B /* ContentView.swift */,
				75A501C12ADE7CA00045785B /* Colors.swift */,
				75A5018A2ADA9AFA0045785B /* View */,
				75A501722ADA8EAF0045785B /* MomoriUIApp.swift */,
				75A501762ADA8EB00045785B /* Assets.xcassets */,
				75A501782ADA8EB00045785B /* MomoriUI.entitlements */,
				75A501792ADA8EB00045785B /* Preview Content */,
			);
			path = MomoriUI;
			sourceTree = "<group>";
		};
		75A501792ADA8EB00045785B /* Preview Content */ = {
			isa = PBXGroup;
			children = (
				75A5017A2ADA8EB00045785B /* Preview Assets.xcassets */,
			);
			path = "Preview Content";
			sourceTree = "<group>";
		};
		75A5018A2ADA9AFA0045785B /* View */ = {
			isa = PBXGroup;
			children = (
				75320B962AE7AED700465860 /* Login */,
				75A5019A2ADAB48A0045785B /* Upload */,
				75A501972ADAB41C0045785B /* Post */,
				75A501962ADAB4100045785B /* Profile */,
				75A501932ADAB3F60045785B /* Setting */,
				75A5018E2ADA9B240045785B /* Main */,
				75A5018D2ADA9B100045785B /* Navi */,
			);
			path = View;
			sourceTree = "<group>";
		};
		75A5018D2ADA9B100045785B /* Navi */ = {
			isa = PBXGroup;
			children = (
				75A501832ADA93970045785B /* RNavi.swift */,
				75A501852ADA946B0045785B /* LNavi.swift */,
				75A501872ADA9AB10045785B /* UserNavi.swift */,
			);
			path = Navi;
			sourceTree = "<group>";
		};
		75A5018E2ADA9B240045785B /* Main */ = {
			isa = PBXGroup;
			children = (
				75A5018F2ADA9B350045785B /* MainPage.swift */,
			);
			path = Main;
			sourceTree = "<group>";
		};
		75A501932ADAB3F60045785B /* Setting */ = {
			isa = PBXGroup;
			children = (
				75A501912ADAB3DC0045785B /* Setting.swift */,
			);
			path = Setting;
			sourceTree = "<group>";
		};
		75A501962ADAB4100045785B /* Profile */ = {
			isa = PBXGroup;
			children = (
				75A501942ADAB4060045785B /* Profile.swift */,
			);
			path = Profile;
			sourceTree = "<group>";
		};
		75A501972ADAB41C0045785B /* Post */ = {
			isa = PBXGroup;
			children = (
				75A501982ADAB4260045785B /* Post.swift */,
				75A501C32ADE82910045785B /* UserNamebar.swift */,
				75A501C72ADE9C8E0045785B /* ImageUnderbar.swift */,
				75A501C92ADEA34E0045785B /* CommentInputView.swift */,
			);
			path = Post;
			sourceTree = "<group>";
		};
		75A5019A2ADAB48A0045785B /* Upload */ = {
			isa = PBXGroup;
			children = (
				75A5019B2ADAB49B0045785B /* Upload.swift */,
			);
			path = Upload;
			sourceTree = "<group>";
		};
		75F89B2C2AE54F510045FCE5 /* DaumMap.embeddedframework */ = {
			isa = PBXGroup;
			children = (
				75F89B2D2AE54F510045FCE5 /* Resources */,
				75F89B522AE54F520045FCE5 /* DaumMap.framework */,
			);
			name = DaumMap.embeddedframework;
			path = IOS_DaumMap_SDK_1.4.0/lib/DaumMap.embeddedframework;
			sourceTree = "<group>";
		};
		75F89B2D2AE54F510045FCE5 /* Resources */ = {
			isa = PBXGroup;
			children = (
				75F89B2E2AE54F510045FCE5 /* map_pinup_custom@3x.png */,
				75F89B2F2AE54F510045FCE5 /* map_pin_custom.png */,
				75F89B302AE54F510045FCE5 /* shadow_balloon.png */,
				75F89B312AE54F510045FCE5 /* map_pinup.png */,
				75F89B322AE54F510045FCE5 /* detail_button.png */,
				75F89B332AE54F510045FCE5 /* map_pin_custom@3x.png */,
				75F89B342AE54F510045FCE5 /* map_pinup@3x.png */,
				75F89B352AE54F510045FCE5 /* map_pin_shadow@3x.png */,
				75F89B362AE54F510045FCE5 /* copyright.png */,
				75F89B372AE54F510045FCE5 /* th_line.png */,
				75F89B382AE54F510045FCE5 /* map_pin_red@3x.png */,
				75F89B392AE54F510045FCE5 /* daum_copyright.png */,
				75F89B3A2AE54F520045FCE5 /* map_pin@3x.png */,
				75F89B3B2AE54F520045FCE5 /* map_present_tracking.png */,
				75F89B3C2AE54F520045FCE5 /* map_pin_red.png */,
				75F89B3D2AE54F520045FCE5 /* Headers */,
				75F89B462AE54F520045FCE5 /* info_box.png */,
				75F89B472AE54F520045FCE5 /* point_sprite.png */,
				75F89B482AE54F520045FCE5 /* map_pinup_custom.png */,
				75F89B492AE54F520045FCE5 /* info_box_tail.png */,
				75F89B4A2AE54F520045FCE5 /* noimage256.png */,
				75F89B4B2AE54F520045FCE5 /* map_present_direction.png */,
				75F89B4C2AE54F520045FCE5 /* map_pin.png */,
				75F89B4D2AE54F520045FCE5 /* map_present.png */,
				75F89B4E2AE54F520045FCE5 /* noimage.png */,
				75F89B4F2AE54F520045FCE5 /* map_present_background_update.png */,
				75F89B502AE54F520045FCE5 /* daum_th_line.png */,
				75F89B512AE54F520045FCE5 /* map_pin_shadow.png */,
			);
			path = Resources;
			sourceTree = "<group>";
		};
		75F89B3D2AE54F520045FCE5 /* Headers */ = {
			isa = PBXGroup;
			children = (
				75F89B3E2AE54F520045FCE5 /* MTMapPOIItem.h */,
				75F89B3F2AE54F520045FCE5 /* MTMapCameraUpdate.h */,
				75F89B402AE54F520045FCE5 /* MTMapReverseGeoCoder.h */,
				75F89B412AE54F520045FCE5 /* MTMapPolyline.h */,
				75F89B422AE54F520045FCE5 /* MTMapLocationMarkerItem.h */,
				75F89B432AE54F520045FCE5 /* MTMapView.h */,
				75F89B442AE54F520045FCE5 /* MTMapGeometry.h */,
				75F89B452AE54F520045FCE5 /* MTMapCircle.h */,
			);
			path = Headers;
			sourceTree = "<group>";
		};
		75F89B6F2AE54F8A0045FCE5 /* Frameworks */ = {
			isa = PBXGroup;
			children = (
				75F89B7B2AE5500D0045FCE5 /* libsqlite3.tbd */,
				75F89B7A2AE54FF90045FCE5 /* libxml2.tbd */,
				75F89B782AE54FE70045FCE5 /* CoreLocation.framework */,
				75F89B762AE54FC40045FCE5 /* libc++.tbd */,
				75F89B742AE54FAE0045FCE5 /* QuartzCore.framework */,
				75F89B722AE54FA00045FCE5 /* SystemConfiguration.framework */,
				75F89B702AE54F8A0045FCE5 /* OpenGLES.framework */,
			);
			name = Frameworks;
			sourceTree = "<group>";
		};
/* End PBXGroup section */

/* Begin PBXNativeTarget section */
		75A5016E2ADA8EAF0045785B /* MomoriUI */ = {
			isa = PBXNativeTarget;
			buildConfigurationList = 75A5017E2ADA8EB00045785B /* Build configuration list for PBXNativeTarget "MomoriUI" */;
			buildPhases = (
				75A5016B2ADA8EAF0045785B /* Sources */,
				75A5016C2ADA8EAF0045785B /* Frameworks */,
				75A5016D2ADA8EAF0045785B /* Resources */,
			);
			buildRules = (
			);
			dependencies = (
			);
			name = MomoriUI;
			packageProductDependencies = (
				75320BBF2AE7B4FB00465860 /* FirebaseAnalytics */,
				75320BC12AE7B4FB00465860 /* FirebaseAnalyticsOnDeviceConversion */,
				75320BC32AE7B4FB00465860 /* FirebaseAnalyticsSwift */,
				75320BC52AE7B4FB00465860 /* FirebaseAnalyticsWithoutAdIdSupport */,
				75320BC72AE7B4FB00465860 /* FirebaseAppCheck */,
				75320BC92AE7B4FB00465860 /* FirebaseAppDistribution-Beta */,
				75320BCB2AE7B4FB00465860 /* FirebaseAuth */,
				75320BCD2AE7B4FB00465860 /* FirebaseAuthCombine-Community */,
				75320BCF2AE7B4FB00465860 /* FirebaseCrashlytics */,
				75320BD12AE7B4FB00465860 /* FirebaseDatabase */,
				75320BD32AE7B4FB00465860 /* FirebaseDatabaseSwift */,
				75320BD52AE7B4FB00465860 /* FirebaseDynamicLinks */,
				75320BD82AE7B52000465860 /* GoogleSignIn */,
				75320BDA2AE7B52000465860 /* GoogleSignInSwift */,
			);
			productName = MomoriUI;
			productReference = 75A5016F2ADA8EAF0045785B /* MomoriUI.app */;
			productType = "com.apple.product-type.application";
		};
/* End PBXNativeTarget section */

/* Begin PBXProject section */
		75A501672ADA8EAF0045785B /* Project object */ = {
			isa = PBXProject;
			attributes = {
				BuildIndependentTargetsInParallel = 1;
				LastSwiftUpdateCheck = 1500;
				LastUpgradeCheck = 1500;
				TargetAttributes = {
					75A5016E2ADA8EAF0045785B = {
						CreatedOnToolsVersion = 15.0;
					};
				};
			};
			buildConfigurationList = 75A5016A2ADA8EAF0045785B /* Build configuration list for PBXProject "MomoriUI" */;
			compatibilityVersion = "Xcode 14.0";
			developmentRegion = en;
			hasScannedForEncodings = 0;
			knownRegions = (
				en,
				Base,
			);
			mainGroup = 75A501662ADA8EAF0045785B;
			packageReferences = (
				75320BBE2AE7B4FB00465860 /* XCRemoteSwiftPackageReference "firebase-ios-sdk" */,
				75320BD72AE7B52000465860 /* XCRemoteSwiftPackageReference "GoogleSignIn-iOS" */,
			);
			productRefGroup = 75A501702ADA8EAF0045785B /* Products */;
			projectDirPath = "";
			projectRoot = "";
			targets = (
				75A5016E2ADA8EAF0045785B /* MomoriUI */,
			);
		};
/* End PBXProject section */

/* Begin PBXResourcesBuildPhase section */
		75A5016D2ADA8EAF0045785B /* Resources */ = {
			isa = PBXResourcesBuildPhase;
			buildActionMask = 2147483647;
			files = (
				75F89B652AE54F520045FCE5 /* info_box_tail.png in Resources */,
				75F89B5A2AE54F520045FCE5 /* map_pin_shadow@3x.png in Resources */,
				75F89B682AE54F520045FCE5 /* map_pin.png in Resources */,
				75F89B612AE54F520045FCE5 /* map_pin_red.png in Resources */,
				75F89B592AE54F520045FCE5 /* map_pinup@3x.png in Resources */,
				75F89B632AE54F520045FCE5 /* point_sprite.png in Resources */,
				75F89B5F2AE54F520045FCE5 /* map_pin@3x.png in Resources */,
				75F89B662AE54F520045FCE5 /* noimage256.png in Resources */,
				75F89B692AE54F520045FCE5 /* map_present.png in Resources */,
				75F89B5E2AE54F520045FCE5 /* daum_copyright.png in Resources */,
				75F89B5B2AE54F520045FCE5 /* copyright.png in Resources */,
				75F89B552AE54F520045FCE5 /* shadow_balloon.png in Resources */,
				75F89B582AE54F520045FCE5 /* map_pin_custom@3x.png in Resources */,
				75F89B5C2AE54F520045FCE5 /* th_line.png in Resources */,
				75F89B642AE54F520045FCE5 /* map_pinup_custom.png in Resources */,
				75A5017B2ADA8EB00045785B /* Preview Assets.xcassets in Resources */,
				75F89B6C2AE54F520045FCE5 /* daum_th_line.png in Resources */,
				75F89B532AE54F520045FCE5 /* map_pinup_custom@3x.png in Resources */,
				75A501772ADA8EB00045785B /* Assets.xcassets in Resources */,
				75F89B602AE54F520045FCE5 /* map_present_tracking.png in Resources */,
				75F89B6D2AE54F520045FCE5 /* map_pin_shadow.png in Resources */,
				75F89B672AE54F520045FCE5 /* map_present_direction.png in Resources */,
				75F89B6B2AE54F520045FCE5 /* map_present_background_update.png in Resources */,
				75F89B572AE54F520045FCE5 /* detail_button.png in Resources */,
				75F89B5D2AE54F520045FCE5 /* map_pin_red@3x.png in Resources */,
				75F89B6A2AE54F520045FCE5 /* noimage.png in Resources */,
				75F89B622AE54F520045FCE5 /* info_box.png in Resources */,
				75F89B542AE54F520045FCE5 /* map_pin_custom.png in Resources */,
				75F89B562AE54F520045FCE5 /* map_pinup.png in Resources */,
			);
			runOnlyForDeploymentPostprocessing = 0;
		};
/* End PBXResourcesBuildPhase section */

/* Begin PBXSourcesBuildPhase section */
		75A5016B2ADA8EAF0045785B /* Sources */ = {
			isa = PBXSourcesBuildPhase;
			buildActionMask = 2147483647;
			files = (
				75A501862ADA946B0045785B /* LNavi.swift in Sources */,
				75A501C22ADE7CA00045785B /* Colors.swift in Sources */,
				75A501952ADAB4060045785B /* Profile.swift in Sources */,
				75A501752ADA8EAF0045785B /* ContentView.swift in Sources */,
				75A501842ADA93980045785B /* RNavi.swift in Sources */,
				75A501C42ADE82910045785B /* UserNamebar.swift in Sources */,
				756848F92AE7D6DB003A5209 /* NaverLogin.swift in Sources */,
				75A501732ADA8EAF0045785B /* MomoriUIApp.swift in Sources */,
				75F89B802AE552AE0045FCE5 /* KakaoMapVCWrapper.swift in Sources */,
				75A501922ADAB3DC0045785B /* Setting.swift in Sources */,
				75A5019C2ADAB49B0045785B /* Upload.swift in Sources */,
				75A501CA2ADEA34E0045785B /* CommentInputView.swift in Sources */,
				75A501992ADAB4260045785B /* Post.swift in Sources */,
				75320BDD2AE7B67D00465860 /* UserData.swift in Sources */,
				75A501882ADA9AB10045785B /* UserNavi.swift in Sources */,
				75320B9F2AE7AED700465860 /* GoogleLogin.swift in Sources */,
				75A501C82ADE9C8E0045785B /* ImageUnderbar.swift in Sources */,
				75A501902ADA9B350045785B /* MainPage.swift in Sources */,
				75320B9C2AE7AED700465860 /* Login.swift in Sources */,
			);
			runOnlyForDeploymentPostprocessing = 0;
		};
/* End PBXSourcesBuildPhase section */

/* Begin XCBuildConfiguration section */
		75A5017C2ADA8EB00045785B /* Debug */ = {
			isa = XCBuildConfiguration;
			buildSettings = {
				ALWAYS_SEARCH_USER_PATHS = NO;
				ASSETCATALOG_COMPILER_GENERATE_SWIFT_ASSET_SYMBOL_EXTENSIONS = YES;
				CLANG_ANALYZER_NONNULL = YES;
				CLANG_ANALYZER_NUMBER_OBJECT_CONVERSION = YES_AGGRESSIVE;
				CLANG_CXX_LANGUAGE_STANDARD = "gnu++20";
				CLANG_ENABLE_MODULES = YES;
				CLANG_ENABLE_OBJC_ARC = YES;
				CLANG_ENABLE_OBJC_WEAK = YES;
				CLANG_WARN_BLOCK_CAPTURE_AUTORELEASING = YES;
				CLANG_WARN_BOOL_CONVERSION = YES;
				CLANG_WARN_COMMA = YES;
				CLANG_WARN_CONSTANT_CONVERSION = YES;
				CLANG_WARN_DEPRECATED_OBJC_IMPLEMENTATIONS = YES;
				CLANG_WARN_DIRECT_OBJC_ISA_USAGE = YES_ERROR;
				CLANG_WARN_DOCUMENTATION_COMMENTS = YES;
				CLANG_WARN_EMPTY_BODY = YES;
				CLANG_WARN_ENUM_CONVERSION = YES;
				CLANG_WARN_INFINITE_RECURSION = YES;
				CLANG_WARN_INT_CONVERSION = YES;
				CLANG_WARN_NON_LITERAL_NULL_CONVERSION = YES;
				CLANG_WARN_OBJC_IMPLICIT_RETAIN_SELF = YES;
				CLANG_WARN_OBJC_LITERAL_CONVERSION = YES;
				CLANG_WARN_OBJC_ROOT_CLASS = YES_ERROR;
				CLANG_WARN_QUOTED_INCLUDE_IN_FRAMEWORK_HEADER = YES;
				CLANG_WARN_RANGE_LOOP_ANALYSIS = YES;
				CLANG_WARN_STRICT_PROTOTYPES = YES;
				CLANG_WARN_SUSPICIOUS_MOVE = YES;
				CLANG_WARN_UNGUARDED_AVAILABILITY = YES_AGGRESSIVE;
				CLANG_WARN_UNREACHABLE_CODE = YES;
				CLANG_WARN__DUPLICATE_METHOD_MATCH = YES;
				COPY_PHASE_STRIP = NO;
				DEBUG_INFORMATION_FORMAT = dwarf;
				ENABLE_STRICT_OBJC_MSGSEND = YES;
				ENABLE_TESTABILITY = YES;
				ENABLE_USER_SCRIPT_SANDBOXING = YES;
				GCC_C_LANGUAGE_STANDARD = gnu17;
				GCC_DYNAMIC_NO_PIC = NO;
				GCC_NO_COMMON_BLOCKS = YES;
				GCC_OPTIMIZATION_LEVEL = 0;
				GCC_PREPROCESSOR_DEFINITIONS = (
					"DEBUG=1",
					"$(inherited)",
				);
				GCC_WARN_64_TO_32_BIT_CONVERSION = YES;
				GCC_WARN_ABOUT_RETURN_TYPE = YES_ERROR;
				GCC_WARN_UNDECLARED_SELECTOR = YES;
				GCC_WARN_UNINITIALIZED_AUTOS = YES_AGGRESSIVE;
				GCC_WARN_UNUSED_FUNCTION = YES;
				GCC_WARN_UNUSED_VARIABLE = YES;
				IPHONEOS_DEPLOYMENT_TARGET = 16.0;
				LOCALIZATION_PREFERS_STRING_CATALOGS = YES;
				MTL_ENABLE_DEBUG_INFO = INCLUDE_SOURCE;
				MTL_FAST_MATH = YES;
				ONLY_ACTIVE_ARCH = YES;
				SWIFT_ACTIVE_COMPILATION_CONDITIONS = "DEBUG $(inherited)";
				SWIFT_OPTIMIZATION_LEVEL = "-Onone";
			};
			name = Debug;
		};
		75A5017D2ADA8EB00045785B /* Release */ = {
			isa = XCBuildConfiguration;
			buildSettings = {
				ALWAYS_SEARCH_USER_PATHS = NO;
				ASSETCATALOG_COMPILER_GENERATE_SWIFT_ASSET_SYMBOL_EXTENSIONS = YES;
				CLANG_ANALYZER_NONNULL = YES;
				CLANG_ANALYZER_NUMBER_OBJECT_CONVERSION = YES_AGGRESSIVE;
				CLANG_CXX_LANGUAGE_STANDARD = "gnu++20";
				CLANG_ENABLE_MODULES = YES;
				CLANG_ENABLE_OBJC_ARC = YES;
				CLANG_ENABLE_OBJC_WEAK = YES;
				CLANG_WARN_BLOCK_CAPTURE_AUTORELEASING = YES;
				CLANG_WARN_BOOL_CONVERSION = YES;
				CLANG_WARN_COMMA = YES;
				CLANG_WARN_CONSTANT_CONVERSION = YES;
				CLANG_WARN_DEPRECATED_OBJC_IMPLEMENTATIONS = YES;
				CLANG_WARN_DIRECT_OBJC_ISA_USAGE = YES_ERROR;
				CLANG_WARN_DOCUMENTATION_COMMENTS = YES;
				CLANG_WARN_EMPTY_BODY = YES;
				CLANG_WARN_ENUM_CONVERSION = YES;
				CLANG_WARN_INFINITE_RECURSION = YES;
				CLANG_WARN_INT_CONVERSION = YES;
				CLANG_WARN_NON_LITERAL_NULL_CONVERSION = YES;
				CLANG_WARN_OBJC_IMPLICIT_RETAIN_SELF = YES;
				CLANG_WARN_OBJC_LITERAL_CONVERSION = YES;
				CLANG_WARN_OBJC_ROOT_CLASS = YES_ERROR;
				CLANG_WARN_QUOTED_INCLUDE_IN_FRAMEWORK_HEADER = YES;
				CLANG_WARN_RANGE_LOOP_ANALYSIS = YES;
				CLANG_WARN_STRICT_PROTOTYPES = YES;
				CLANG_WARN_SUSPICIOUS_MOVE = YES;
				CLANG_WARN_UNGUARDED_AVAILABILITY = YES_AGGRESSIVE;
				CLANG_WARN_UNREACHABLE_CODE = YES;
				CLANG_WARN__DUPLICATE_METHOD_MATCH = YES;
				COPY_PHASE_STRIP = NO;
				DEBUG_INFORMATION_FORMAT = "dwarf-with-dsym";
				ENABLE_NS_ASSERTIONS = NO;
				ENABLE_STRICT_OBJC_MSGSEND = YES;
				ENABLE_USER_SCRIPT_SANDBOXING = YES;
				GCC_C_LANGUAGE_STANDARD = gnu17;
				GCC_NO_COMMON_BLOCKS = YES;
				GCC_WARN_64_TO_32_BIT_CONVERSION = YES;
				GCC_WARN_ABOUT_RETURN_TYPE = YES_ERROR;
				GCC_WARN_UNDECLARED_SELECTOR = YES;
				GCC_WARN_UNINITIALIZED_AUTOS = YES_AGGRESSIVE;
				GCC_WARN_UNUSED_FUNCTION = YES;
				GCC_WARN_UNUSED_VARIABLE = YES;
				IPHONEOS_DEPLOYMENT_TARGET = 16.0;
				LOCALIZATION_PREFERS_STRING_CATALOGS = YES;
				MTL_ENABLE_DEBUG_INFO = NO;
				MTL_FAST_MATH = YES;
				SWIFT_COMPILATION_MODE = wholemodule;
			};
			name = Release;
		};
		75A5017F2ADA8EB00045785B /* Debug */ = {
			isa = XCBuildConfiguration;
			buildSettings = {
				ASSETCATALOG_COMPILER_APPICON_NAME = AppIcon;
				ASSETCATALOG_COMPILER_GLOBAL_ACCENT_COLOR_NAME = AccentColor;
				CLANG_ENABLE_OBJC_ARC = NO;
				CODE_SIGN_ENTITLEMENTS = MomoriUI/MomoriUI.entitlements;
				CODE_SIGN_STYLE = Automatic;
				CURRENT_PROJECT_VERSION = 1;
				DEVELOPMENT_ASSET_PATHS = "\"MomoriUI/Preview Content\"";
				DEVELOPMENT_TEAM = NW88BSVGJV;
				ENABLE_HARDENED_RUNTIME = YES;
				ENABLE_PREVIEWS = YES;
				FRAMEWORK_SEARCH_PATHS = (
					"$(inherited)",
					"$(PROJECT_DIR)/MomoriUI/IOS_DaumMap_SDK_1.4.0/lib/DaumMap.embeddedframework",
				);
				GENERATE_INFOPLIST_FILE = YES;
				INFOPLIST_FILE = MomoriUI/Info.plist;
				"INFOPLIST_KEY_UIApplicationSceneManifest_Generation[sdk=iphoneos*]" = YES;
				"INFOPLIST_KEY_UIApplicationSceneManifest_Generation[sdk=iphonesimulator*]" = YES;
				"INFOPLIST_KEY_UIApplicationSupportsIndirectInputEvents[sdk=iphoneos*]" = YES;
				"INFOPLIST_KEY_UIApplicationSupportsIndirectInputEvents[sdk=iphonesimulator*]" = YES;
				"INFOPLIST_KEY_UILaunchScreen_Generation[sdk=iphoneos*]" = YES;
				"INFOPLIST_KEY_UILaunchScreen_Generation[sdk=iphonesimulator*]" = YES;
				"INFOPLIST_KEY_UIStatusBarStyle[sdk=iphoneos*]" = UIStatusBarStyleDefault;
				"INFOPLIST_KEY_UIStatusBarStyle[sdk=iphonesimulator*]" = UIStatusBarStyleDefault;
				INFOPLIST_KEY_UISupportedInterfaceOrientations_iPad = "UIInterfaceOrientationPortrait UIInterfaceOrientationPortraitUpsideDown UIInterfaceOrientationLandscapeLeft UIInterfaceOrientationLandscapeRight";
				INFOPLIST_KEY_UISupportedInterfaceOrientations_iPhone = "UIInterfaceOrientationPortrait UIInterfaceOrientationLandscapeLeft UIInterfaceOrientationLandscapeRight";
				IPHONEOS_DEPLOYMENT_TARGET = 17.0;
				LD_RUNPATH_SEARCH_PATHS = "@executable_path/Frameworks";
				"LD_RUNPATH_SEARCH_PATHS[sdk=macosx*]" = "@executable_path/../Frameworks";
				MACOSX_DEPLOYMENT_TARGET = 14.0;
				MARKETING_VERSION = 1.0;
				PRODUCT_BUNDLE_IDENTIFIER = com.momori.MomoriUI;
				PRODUCT_NAME = "$(TARGET_NAME)";
				SDKROOT = auto;
				SUPPORTED_PLATFORMS = "iphoneos iphonesimulator";
				SUPPORTS_MACCATALYST = NO;
				SUPPORTS_MAC_DESIGNED_FOR_IPHONE_IPAD = YES;
				SWIFT_EMIT_LOC_STRINGS = YES;
				SWIFT_OBJC_BRIDGING_HEADER = "/Users/dgsw8th61/Desktop/GitHub/Momori-iOS/MomoriUI/KakaoBridgeHeader.h";
				SWIFT_VERSION = 5.0;
				TARGETED_DEVICE_FAMILY = "1,2";
			};
			name = Debug;
		};
		75A501802ADA8EB00045785B /* Release */ = {
			isa = XCBuildConfiguration;
			buildSettings = {
				ASSETCATALOG_COMPILER_APPICON_NAME = AppIcon;
				ASSETCATALOG_COMPILER_GLOBAL_ACCENT_COLOR_NAME = AccentColor;
				CLANG_ENABLE_OBJC_ARC = NO;
				CODE_SIGN_ENTITLEMENTS = MomoriUI/MomoriUI.entitlements;
				CODE_SIGN_STYLE = Automatic;
				CURRENT_PROJECT_VERSION = 1;
				DEVELOPMENT_ASSET_PATHS = "\"MomoriUI/Preview Content\"";
				DEVELOPMENT_TEAM = NW88BSVGJV;
				ENABLE_HARDENED_RUNTIME = YES;
				ENABLE_PREVIEWS = YES;
				FRAMEWORK_SEARCH_PATHS = (
					"$(inherited)",
					"$(PROJECT_DIR)/MomoriUI/IOS_DaumMap_SDK_1.4.0/lib/DaumMap.embeddedframework",
				);
				GENERATE_INFOPLIST_FILE = YES;
				INFOPLIST_FILE = MomoriUI/Info.plist;
				"INFOPLIST_KEY_UIApplicationSceneManifest_Generation[sdk=iphoneos*]" = YES;
				"INFOPLIST_KEY_UIApplicationSceneManifest_Generation[sdk=iphonesimulator*]" = YES;
				"INFOPLIST_KEY_UIApplicationSupportsIndirectInputEvents[sdk=iphoneos*]" = YES;
				"INFOPLIST_KEY_UIApplicationSupportsIndirectInputEvents[sdk=iphonesimulator*]" = YES;
				"INFOPLIST_KEY_UILaunchScreen_Generation[sdk=iphoneos*]" = YES;
				"INFOPLIST_KEY_UILaunchScreen_Generation[sdk=iphonesimulator*]" = YES;
				"INFOPLIST_KEY_UIStatusBarStyle[sdk=iphoneos*]" = UIStatusBarStyleDefault;
				"INFOPLIST_KEY_UIStatusBarStyle[sdk=iphonesimulator*]" = UIStatusBarStyleDefault;
				INFOPLIST_KEY_UISupportedInterfaceOrientations_iPad = "UIInterfaceOrientationPortrait UIInterfaceOrientationPortraitUpsideDown UIInterfaceOrientationLandscapeLeft UIInterfaceOrientationLandscapeRight";
				INFOPLIST_KEY_UISupportedInterfaceOrientations_iPhone = "UIInterfaceOrientationPortrait UIInterfaceOrientationLandscapeLeft UIInterfaceOrientationLandscapeRight";
				IPHONEOS_DEPLOYMENT_TARGET = 17.0;
				LD_RUNPATH_SEARCH_PATHS = "@executable_path/Frameworks";
				"LD_RUNPATH_SEARCH_PATHS[sdk=macosx*]" = "@executable_path/../Frameworks";
				MACOSX_DEPLOYMENT_TARGET = 14.0;
				MARKETING_VERSION = 1.0;
				PRODUCT_BUNDLE_IDENTIFIER = com.momori.MomoriUI;
				PRODUCT_NAME = "$(TARGET_NAME)";
				SDKROOT = auto;
				SUPPORTED_PLATFORMS = "iphoneos iphonesimulator";
				SUPPORTS_MACCATALYST = NO;
				SUPPORTS_MAC_DESIGNED_FOR_IPHONE_IPAD = YES;
				SWIFT_EMIT_LOC_STRINGS = YES;
				SWIFT_OBJC_BRIDGING_HEADER = "/Users/dgsw8th61/Desktop/GitHub/Momori-iOS/MomoriUI/KakaoBridgeHeader.h";
				SWIFT_VERSION = 5.0;
				TARGETED_DEVICE_FAMILY = "1,2";
			};
			name = Release;
		};
/* End XCBuildConfiguration section */

/* Begin XCConfigurationList section */
		75A5016A2ADA8EAF0045785B /* Build configuration list for PBXProject "MomoriUI" */ = {
			isa = XCConfigurationList;
			buildConfigurations = (
				75A5017C2ADA8EB00045785B /* Debug */,
				75A5017D2ADA8EB00045785B /* Release */,
			);
			defaultConfigurationIsVisible = 0;
			defaultConfigurationName = Release;
		};
		75A5017E2ADA8EB00045785B /* Build configuration list for PBXNativeTarget "MomoriUI" */ = {
			isa = XCConfigurationList;
			buildConfigurations = (
				75A5017F2ADA8EB00045785B /* Debug */,
				75A501802ADA8EB00045785B /* Release */,
			);
			defaultConfigurationIsVisible = 0;
			defaultConfigurationName = Release;
		};
/* End XCConfigurationList section */

/* Begin XCRemoteSwiftPackageReference section */
		75320BBE2AE7B4FB00465860 /* XCRemoteSwiftPackageReference "firebase-ios-sdk" */ = {
			isa = XCRemoteSwiftPackageReference;
			repositoryURL = "https://github.com/firebase/firebase-ios-sdk.git";
			requirement = {
				kind = upToNextMajorVersion;
				minimumVersion = 10.16.0;
			};
		};
		75320BD72AE7B52000465860 /* XCRemoteSwiftPackageReference "GoogleSignIn-iOS" */ = {
			isa = XCRemoteSwiftPackageReference;
			repositoryURL = "https://github.com/google/GoogleSignIn-iOS/";
			requirement = {
				kind = upToNextMajorVersion;
				minimumVersion = 7.0.0;
			};
		};
/* End XCRemoteSwiftPackageReference section */

/* Begin XCSwiftPackageProductDependency section */
		75320BBF2AE7B4FB00465860 /* FirebaseAnalytics */ = {
			isa = XCSwiftPackageProductDependency;
			package = 75320BBE2AE7B4FB00465860 /* XCRemoteSwiftPackageReference "firebase-ios-sdk" */;
			productName = FirebaseAnalytics;
		};
		75320BC12AE7B4FB00465860 /* FirebaseAnalyticsOnDeviceConversion */ = {
			isa = XCSwiftPackageProductDependency;
			package = 75320BBE2AE7B4FB00465860 /* XCRemoteSwiftPackageReference "firebase-ios-sdk" */;
			productName = FirebaseAnalyticsOnDeviceConversion;
		};
		75320BC32AE7B4FB00465860 /* FirebaseAnalyticsSwift */ = {
			isa = XCSwiftPackageProductDependency;
			package = 75320BBE2AE7B4FB00465860 /* XCRemoteSwiftPackageReference "firebase-ios-sdk" */;
			productName = FirebaseAnalyticsSwift;
		};
		75320BC52AE7B4FB00465860 /* FirebaseAnalyticsWithoutAdIdSupport */ = {
			isa = XCSwiftPackageProductDependency;
			package = 75320BBE2AE7B4FB00465860 /* XCRemoteSwiftPackageReference "firebase-ios-sdk" */;
			productName = FirebaseAnalyticsWithoutAdIdSupport;
		};
		75320BC72AE7B4FB00465860 /* FirebaseAppCheck */ = {
			isa = XCSwiftPackageProductDependency;
			package = 75320BBE2AE7B4FB00465860 /* XCRemoteSwiftPackageReference "firebase-ios-sdk" */;
			productName = FirebaseAppCheck;
		};
		75320BC92AE7B4FB00465860 /* FirebaseAppDistribution-Beta */ = {
			isa = XCSwiftPackageProductDependency;
			package = 75320BBE2AE7B4FB00465860 /* XCRemoteSwiftPackageReference "firebase-ios-sdk" */;
			productName = "FirebaseAppDistribution-Beta";
		};
		75320BCB2AE7B4FB00465860 /* FirebaseAuth */ = {
			isa = XCSwiftPackageProductDependency;
			package = 75320BBE2AE7B4FB00465860 /* XCRemoteSwiftPackageReference "firebase-ios-sdk" */;
			productName = FirebaseAuth;
		};
		75320BCD2AE7B4FB00465860 /* FirebaseAuthCombine-Community */ = {
			isa = XCSwiftPackageProductDependency;
			package = 75320BBE2AE7B4FB00465860 /* XCRemoteSwiftPackageReference "firebase-ios-sdk" */;
			productName = "FirebaseAuthCombine-Community";
		};
		75320BCF2AE7B4FB00465860 /* FirebaseCrashlytics */ = {
			isa = XCSwiftPackageProductDependency;
			package = 75320BBE2AE7B4FB00465860 /* XCRemoteSwiftPackageReference "firebase-ios-sdk" */;
			productName = FirebaseCrashlytics;
		};
		75320BD12AE7B4FB00465860 /* FirebaseDatabase */ = {
			isa = XCSwiftPackageProductDependency;
			package = 75320BBE2AE7B4FB00465860 /* XCRemoteSwiftPackageReference "firebase-ios-sdk" */;
			productName = FirebaseDatabase;
		};
		75320BD32AE7B4FB00465860 /* FirebaseDatabaseSwift */ = {
			isa = XCSwiftPackageProductDependency;
			package = 75320BBE2AE7B4FB00465860 /* XCRemoteSwiftPackageReference "firebase-ios-sdk" */;
			productName = FirebaseDatabaseSwift;
		};
		75320BD52AE7B4FB00465860 /* FirebaseDynamicLinks */ = {
			isa = XCSwiftPackageProductDependency;
			package = 75320BBE2AE7B4FB00465860 /* XCRemoteSwiftPackageReference "firebase-ios-sdk" */;
			productName = FirebaseDynamicLinks;
		};
		75320BD82AE7B52000465860 /* GoogleSignIn */ = {
			isa = XCSwiftPackageProductDependency;
			package = 75320BD72AE7B52000465860 /* XCRemoteSwiftPackageReference "GoogleSignIn-iOS" */;
			productName = GoogleSignIn;
		};
		75320BDA2AE7B52000465860 /* GoogleSignInSwift */ = {
			isa = XCSwiftPackageProductDependency;
			package = 75320BD72AE7B52000465860 /* XCRemoteSwiftPackageReference "GoogleSignIn-iOS" */;
			productName = GoogleSignInSwift;
		};
/* End XCSwiftPackageProductDependency section */
	};
	rootObject = 75A501672ADA8EAF0045785B /* Project object */;
}
